// !$*UTF8*$!
{
	archiveVersion = 1;
	classes = {
	};
	objectVersion = 50;
	objects = {

/* Begin PBXBuildFile section */
		F8666DFE2564FC400046DA98 /* Meal.swift in Sources */ = {isa = PBXBuildFile; fileRef = F8666DFD2564FC400046DA98 /* Meal.swift */; };
		F879913925639F520000CD7F /* RatingControl.swift in Sources */ = {isa = PBXBuildFile; fileRef = F879913825639F520000CD7F /* RatingControl.swift */; };
		F8AD06452562BB31007E730A /* AppDelegate.swift in Sources */ = {isa = PBXBuildFile; fileRef = F8AD06442562BB31007E730A /* AppDelegate.swift */; };
		F8AD06472562BB31007E730A /* SceneDelegate.swift in Sources */ = {isa = PBXBuildFile; fileRef = F8AD06462562BB31007E730A /* SceneDelegate.swift */; };
		F8AD06492562BB31007E730A /* ViewController.swift in Sources */ = {isa = PBXBuildFile; fileRef = F8AD06482562BB31007E730A /* ViewController.swift */; };
		F8AD064C2562BB31007E730A /* Main.storyboard in Resources */ = {isa = PBXBuildFile; fileRef = F8AD064A2562BB31007E730A /* Main.storyboard */; };
		F8AD064E2562BB34007E730A /* Assets.xcassets in Resources */ = {isa = PBXBuildFile; fileRef = F8AD064D2562BB34007E730A /* Assets.xcassets */; };
		F8AD06512562BB34007E730A /* LaunchScreen.storyboard in Resources */ = {isa = PBXBuildFile; fileRef = F8AD064F2562BB34007E730A /* LaunchScreen.storyboard */; };
		F8AD065C2562BB34007E730A /* FoodTrackerTests.swift in Sources */ = {isa = PBXBuildFile; fileRef = F8AD065B2562BB34007E730A /* FoodTrackerTests.swift */; };
		F8AD06672562BB34007E730A /* FoodTrackerUITests.swift in Sources */ = {isa = PBXBuildFile; fileRef = F8AD06662562BB34007E730A /* FoodTrackerUITests.swift */; };
/* End PBXBuildFile section */

/* Begin PBXContainerItemProxy section */
		F8AD06582562BB34007E730A /* PBXContainerItemProxy */ = {
			isa = PBXContainerItemProxy;
			containerPortal = F8AD06392562BB31007E730A /* Project object */;
			proxyType = 1;
			remoteGlobalIDString = F8AD06402562BB31007E730A;
			remoteInfo = FoodTracker;
		};
		F8AD06632562BB34007E730A /* PBXContainerItemProxy */ = {
			isa = PBXContainerItemProxy;
			containerPortal = F8AD06392562BB31007E730A /* Project object */;
			proxyType = 1;
			remoteGlobalIDString = F8AD06402562BB31007E730A;
			remoteInfo = FoodTracker;
		};
/* End PBXContainerItemProxy section */

/* Begin PBXFileReference section */
		F8666DFD2564FC400046DA98 /* Meal.swift */ = {isa = PBXFileReference; lastKnownFileType = sourcecode.swift; path = Meal.swift; sourceTree = "<group>"; };
		F879913825639F520000CD7F /* RatingControl.swift */ = {isa = PBXFileReference; lastKnownFileType = sourcecode.swift; path = RatingControl.swift; sourceTree = "<group>"; };
		F8AD06412562BB31007E730A /* FoodTracker.app */ = {isa = PBXFileReference; explicitFileType = wrapper.application; includeInIndex = 0; path = FoodTracker.app; sourceTree = BUILT_PRODUCTS_DIR; };
		F8AD06442562BB31007E730A /* AppDelegate.swift */ = {isa = PBXFileReference; lastKnownFileType = sourcecode.swift; path = AppDelegate.swift; sourceTree = "<group>"; };
		F8AD06462562BB31007E730A /* SceneDelegate.swift */ = {isa = PBXFileReference; lastKnownFileType = sourcecode.swift; path = SceneDelegate.swift; sourceTree = "<group>"; };
		F8AD06482562BB31007E730A /* ViewController.swift */ = {isa = PBXFileReference; lastKnownFileType = sourcecode.swift; path = ViewController.swift; sourceTree = "<group>"; };
		F8AD064B2562BB31007E730A /* Base */ = {isa = PBXFileReference; lastKnownFileType = file.storyboard; name = Base; path = Base.lproj/Main.storyboard; sourceTree = "<group>"; };
		F8AD064D2562BB34007E730A /* Assets.xcassets */ = {isa = PBXFileReference; lastKnownFileType = folder.assetcatalog; path = Assets.xcassets; sourceTree = "<group>"; };
		F8AD06502562BB34007E730A /* Base */ = {isa = PBXFileReference; lastKnownFileType = file.storyboard; name = Base; path = Base.lproj/LaunchScreen.storyboard; sourceTree = "<group>"; };
		F8AD06522562BB34007E730A /* Info.plist */ = {isa = PBXFileReference; lastKnownFileType = text.plist.xml; path = Info.plist; sourceTree = "<group>"; };
		F8AD06572562BB34007E730A /* FoodTrackerTests.xctest */ = {isa = PBXFileReference; explicitFileType = wrapper.cfbundle; includeInIndex = 0; path = FoodTrackerTests.xctest; sourceTree = BUILT_PRODUCTS_DIR; };
		F8AD065B2562BB34007E730A /* FoodTrackerTests.swift */ = {isa = PBXFileReference; lastKnownFileType = sourcecode.swift; path = FoodTrackerTests.swift; sourceTree = "<group>"; };
		F8AD065D2562BB34007E730A /* Info.plist */ = {isa = PBXFileReference; lastKnownFileType = text.plist.xml; path = Info.plist; sourceTree = "<group>"; };
		F8AD06622562BB34007E730A /* FoodTrackerUITests.xctest */ = {isa = PBXFileReference; explicitFileType = wrapper.cfbundle; includeInIndex = 0; path = FoodTrackerUITests.xctest; sourceTree = BUILT_PRODUCTS_DIR; };
		F8AD06662562BB34007E730A /* FoodTrackerUITests.swift */ = {isa = PBXFileReference; lastKnownFileType = sourcecode.swift; path = FoodTrackerUITests.swift; sourceTree = "<group>"; };
		F8AD06682562BB34007E730A /* Info.plist */ = {isa = PBXFileReference; lastKnownFileType = text.plist.xml; path = Info.plist; sourceTree = "<group>"; };
/* End PBXFileReference section */

/* Begin PBXFrameworksBuildPhase section */
		F8AD063E2562BB31007E730A /* Frameworks */ = {
			isa = PBXFrameworksBuildPhase;
			buildActionMask = 2147483647;
			files = (
			);
			runOnlyForDeploymentPostprocessing = 0;
		};
		F8AD06542562BB34007E730A /* Frameworks */ = {
			isa = PBXFrameworksBuildPhase;
			buildActionMask = 2147483647;
			files = (
			);
			runOnlyForDeploymentPostprocessing = 0;
		};
		F8AD065F2562BB34007E730A /* Frameworks */ = {
			isa = PBXFrameworksBuildPhase;
			buildActionMask = 2147483647;
			files = (
			);
			runOnlyForDeploymentPostprocessing = 0;
		};
/* End PBXFrameworksBuildPhase section */

/* Begin PBXGroup section */
		F8AD06382562BB31007E730A = {
			isa = PBXGroup;
			children = (
				F8AD06432562BB31007E730A /* FoodTracker */,
				F8AD065A2562BB34007E730A /* FoodTrackerTests */,
				F8AD06652562BB34007E730A /* FoodTrackerUITests */,
				F8AD06422562BB31007E730A /* Products */,
			);
			sourceTree = "<group>";
		};
		F8AD06422562BB31007E730A /* Products */ = {
			isa = PBXGroup;
			children = (
				F8AD06412562BB31007E730A /* FoodTracker.app */,
				F8AD06572562BB34007E730A /* FoodTrackerTests.xctest */,
				F8AD06622562BB34007E730A /* FoodTrackerUITests.xctest */,
			);
			name = Products;
			sourceTree = "<group>";
		};
		F8AD06432562BB31007E730A /* FoodTracker */ = {
			isa = PBXGroup;
			children = (
				F8AD06442562BB31007E730A /* AppDelegate.swift */,
				F8AD06462562BB31007E730A /* SceneDelegate.swift */,
				F8AD06482562BB31007E730A /* ViewController.swift */,
				F879913825639F520000CD7F /* RatingControl.swift */,
				F8AD064A2562BB31007E730A /* Main.storyboard */,
				F8666DFD2564FC400046DA98 /* Meal.swift */,
				F8AD064D2562BB34007E730A /* Assets.xcassets */,
				F8AD064F2562BB34007E730A /* LaunchScreen.storyboard */,
				F8AD06522562BB34007E730A /* Info.plist */,
			);
			path = FoodTracker;
			sourceTree = "<group>";
		};
		F8AD065A2562BB34007E730A /* FoodTrackerTests */ = {
			isa = PBXGroup;
			children = (
				F8AD065B2562BB34007E730A /* FoodTrackerTests.swift */,
				F8AD065D2562BB34007E730A /* Info.plist */,
			);
			path = FoodTrackerTests;
			sourceTree = "<group>";
		};
		F8AD06652562BB34007E730A /* FoodTrackerUITests */ = {
			isa = PBXGroup;
			children = (
				F8AD06662562BB34007E730A /* FoodTrackerUITests.swift */,
				F8AD06682562BB34007E730A /* Info.plist */,
			);
			path = FoodTrackerUITests;
			sourceTree = "<group>";
		};
/* End PBXGroup section */

/* Begin PBXNativeTarget section */
		F8AD06402562BB31007E730A /* FoodTracker */ = {
			isa = PBXNativeTarget;
			buildConfigurationList = F8AD066B2562BB34007E730A /* Build configuration list for PBXNativeTarget "FoodTracker" */;
			buildPhases = (
				F8AD063D2562BB31007E730A /* Sources */,
				F8AD063E2562BB31007E730A /* Frameworks */,
				F8AD063F2562BB31007E730A /* Resources */,
			);
			buildRules = (
			);
			dependencies = (
			);
			name = FoodTracker;
			productName = FoodTracker;
			productReference = F8AD06412562BB31007E730A /* FoodTracker.app */;
			productType = "com.apple.product-type.application";
		};
		F8AD06562562BB34007E730A /* FoodTrackerTests */ = {
			isa = PBXNativeTarget;
			buildConfigurationList = F8AD066E2562BB34007E730A /* Build configuration list for PBXNativeTarget "FoodTrackerTests" */;
			buildPhases = (
				F8AD06532562BB34007E730A /* Sources */,
				F8AD06542562BB34007E730A /* Frameworks */,
				F8AD06552562BB34007E730A /* Resources */,
			);
			buildRules = (
			);
			dependencies = (
				F8AD06592562BB34007E730A /* PBXTargetDependency */,
			);
			name = FoodTrackerTests;
			productName = FoodTrackerTests;
			productReference = F8AD06572562BB34007E730A /* FoodTrackerTests.xctest */;
			productType = "com.apple.product-type.bundle.unit-test";
		};
		F8AD06612562BB34007E730A /* FoodTrackerUITests */ = {
			isa = PBXNativeTarget;
			buildConfigurationList = F8AD06712562BB34007E730A /* Build configuration list for PBXNativeTarget "FoodTrackerUITests" */;
			buildPhases = (
				F8AD065E2562BB34007E730A /* Sources */,
				F8AD065F2562BB34007E730A /* Frameworks */,
				F8AD06602562BB34007E730A /* Resources */,
			);
			buildRules = (
			);
			dependencies = (
				F8AD06642562BB34007E730A /* PBXTargetDependency */,
			);
			name = FoodTrackerUITests;
			productName = FoodTrackerUITests;
			productReference = F8AD06622562BB34007E730A /* FoodTrackerUITests.xctest */;
			productType = "com.apple.product-type.bundle.ui-testing";
		};
/* End PBXNativeTarget section */

/* Begin PBXProject section */
		F8AD06392562BB31007E730A /* Project object */ = {
			isa = PBXProject;
			attributes = {
				LastSwiftUpdateCheck = 1220;
				LastUpgradeCheck = 1220;
				TargetAttributes = {
					F8AD06402562BB31007E730A = {
						CreatedOnToolsVersion = 12.2;
					};
					F8AD06562562BB34007E730A = {
						CreatedOnToolsVersion = 12.2;
						TestTargetID = F8AD06402562BB31007E730A;
					};
					F8AD06612562BB34007E730A = {
						CreatedOnToolsVersion = 12.2;
						TestTargetID = F8AD06402562BB31007E730A;
					};
				};
			};
			buildConfigurationList = F8AD063C2562BB31007E730A /* Build configuration list for PBXProject "FoodTracker" */;
			compatibilityVersion = "Xcode 9.3";
			developmentRegion = en;
			hasScannedForEncodings = 0;
			knownRegions = (
				en,
				Base,
			);
			mainGroup = F8AD06382562BB31007E730A;
			productRefGroup = F8AD06422562BB31007E730A /* Products */;
			projectDirPath = "";
			projectRoot = "";
			targets = (
				F8AD06402562BB31007E730A /* FoodTracker */,
				F8AD06562562BB34007E730A /* FoodTrackerTests */,
				F8AD06612562BB34007E730A /* FoodTrackerUITests */,
			);
		};
/* End PBXProject section */

/* Begin PBXResourcesBuildPhase section */
		F8AD063F2562BB31007E730A /* Resources */ = {
			isa = PBXResourcesBuildPhase;
			buildActionMask = 2147483647;
			files = (
				F8AD06512562BB34007E730A /* LaunchScreen.storyboard in Resources */,
				F8AD064E2562BB34007E730A /* Assets.xcassets in Resources */,
				F8AD064C2562BB31007E730A /* Main.storyboard in Resources */,
			);
			runOnlyForDeploymentPostprocessing = 0;
		};
		F8AD06552562BB34007E730A /* Resources */ = {
			isa = PBXResourcesBuildPhase;
			buildActionMask = 2147483647;
			files = (
			);
			runOnlyForDeploymentPostprocessing = 0;
		};
		F8AD06602562BB34007E730A /* Resources */ = {
			isa = PBXResourcesBuildPhase;
			buildActionMask = 2147483647;
			files = (
			);
			runOnlyForDeploymentPostprocessing = 0;
		};
/* End PBXResourcesBuildPhase section */

/* Begin PBXSourcesBuildPhase section */
		F8AD063D2562BB31007E730A /* Sources */ = {
			isa = PBXSourcesBuildPhase;
			buildActionMask = 2147483647;
			files = (
				F8666DFE2564FC400046DA98 /* Meal.swift in Sources */,
				F879913925639F520000CD7F /* RatingControl.swift in Sources */,
				F8AD06492562BB31007E730A /* ViewController.swift in Sources */,
				F8AD06452562BB31007E730A /* AppDelegate.swift in Sources */,
				F8AD06472562BB31007E730A /* SceneDelegate.swift in Sources */,
			);
			runOnlyForDeploymentPostprocessing = 0;
		};
		F8AD06532562BB34007E730A /* Sources */ = {
			isa = PBXSourcesBuildPhase;
			buildActionMask = 2147483647;
			files = (
				F8AD065C2562BB34007E730A /* FoodTrackerTests.swift in Sources */,
			);
			runOnlyForDeploymentPostprocessing = 0;
		};
		F8AD065E2562BB34007E730A /* Sources */ = {
			isa = PBXSourcesBuildPhase;
			buildActionMask = 2147483647;
			files = (
				F8AD06672562BB34007E730A /* FoodTrackerUITests.swift in Sources */,
			);
			runOnlyForDeploymentPostprocessing = 0;
		};
/* End PBXSourcesBuildPhase section */

/* Begin PBXTargetDependency section */
		F8AD06592562BB34007E730A /* PBXTargetDependency */ = {
			isa = PBXTargetDependency;
			target = F8AD06402562BB31007E730A /* FoodTracker */;
			targetProxy = F8AD06582562BB34007E730A /* PBXContainerItemProxy */;
		};
		F8AD06642562BB34007E730A /* PBXTargetDependency */ = {
			isa = PBXTargetDependency;
			target = F8AD06402562BB31007E730A /* FoodTracker */;
			targetProxy = F8AD06632562BB34007E730A /* PBXContainerItemProxy */;
		};
/* End PBXTargetDependency section */

/* Begin PBXVariantGroup section */
		F8AD064A2562BB31007E730A /* Main.storyboard */ = {
			isa = PBXVariantGroup;
			children = (
				F8AD064B2562BB31007E730A /* Base */,
			);
			name = Main.storyboard;
			sourceTree = "<group>";
		};
		F8AD064F2562BB34007E730A /* LaunchScreen.storyboard */ = {
			isa = PBXVariantGroup;
			children = (
				F8AD06502562BB34007E730A /* Base */,
			);
			name = LaunchScreen.storyboard;
			sourceTree = "<group>";
		};
/* End PBXVariantGroup section */

/* Begin XCBuildConfiguration section */
		F8AD06692562BB34007E730A /* Debug */ = {
			isa = XCBuildConfiguration;
			buildSettings = {
				ALWAYS_SEARCH_USER_PATHS = NO;
				CLANG_ANALYZER_NONNULL = YES;
				CLANG_ANALYZER_NUMBER_OBJECT_CONVERSION = YES_AGGRESSIVE;
				CLANG_CXX_LANGUAGE_STANDARD = "gnu++14";
				CLANG_CXX_LIBRARY = "libc++";
				CLANG_ENABLE_MODULES = YES;
				CLANG_ENABLE_OBJC_ARC = YES;
				CLANG_ENABLE_OBJC_WEAK = YES;
				CLANG_WARN_BLOCK_CAPTURE_AUTORELEASING = YES;
				CLANG_WARN_BOOL_CONVERSION = YES;
				CLANG_WARN_COMMA = YES;
				CLANG_WARN_CONSTANT_CONVERSION = YES;
				CLANG_WARN_DEPRECATED_OBJC_IMPLEMENTATIONS = YES;
				CLANG_WARN_DIRECT_OBJC_ISA_USAGE = YES_ERROR;
				CLANG_WARN_DOCUMENTATION_COMMENTS = YES;
				CLANG_WARN_EMPTY_BODY = YES;
				CLANG_WARN_ENUM_CONVERSION = YES;
				CLANG_WARN_INFINITE_RECURSION = YES;
				CLANG_WARN_INT_CONVERSION = YES;
				CLANG_WARN_NON_LITERAL_NULL_CONVERSION = YES;
				CLANG_WARN_OBJC_IMPLICIT_RETAIN_SELF = YES;
				CLANG_WARN_OBJC_LITERAL_CONVERSION = YES;
				CLANG_WARN_OBJC_ROOT_CLASS = YES_ERROR;
				CLANG_WARN_QUOTED_INCLUDE_IN_FRAMEWORK_HEADER = YES;
				CLANG_WARN_RANGE_LOOP_ANALYSIS = YES;
				CLANG_WARN_STRICT_PROTOTYPES = YES;
				CLANG_WARN_SUSPICIOUS_MOVE = YES;
				CLANG_WARN_UNGUARDED_AVAILABILITY = YES_AGGRESSIVE;
				CLANG_WARN_UNREACHABLE_CODE = YES;
				CLANG_WARN__DUPLICATE_METHOD_MATCH = YES;
				COPY_PHASE_STRIP = NO;
				DEBUG_INFORMATION_FORMAT = dwarf;
				ENABLE_STRICT_OBJC_MSGSEND = YES;
				ENABLE_TESTABILITY = YES;
				GCC_C_LANGUAGE_STANDARD = gnu11;
				GCC_DYNAMIC_NO_PIC = NO;
				GCC_NO_COMMON_BLOCKS = YES;
				GCC_OPTIMIZATION_LEVEL = 0;
				GCC_PREPROCESSOR_DEFINITIONS = (
					"DEBUG=1",
					"$(inherited)",
				);
				GCC_WARN_64_TO_32_BIT_CONVERSION = YES;
				GCC_WARN_ABOUT_RETURN_TYPE = YES_ERROR;
				GCC_WARN_UNDECLARED_SELECTOR = YES;
				GCC_WARN_UNINITIALIZED_AUTOS = YES_AGGRESSIVE;
				GCC_WARN_UNUSED_FUNCTION = YES;
				GCC_WARN_UNUSED_VARIABLE = YES;
				IPHONEOS_DEPLOYMENT_TARGET = 14.2;
				MTL_ENABLE_DEBUG_INFO = INCLUDE_SOURCE;
				MTL_FAST_MATH = YES;
				ONLY_ACTIVE_ARCH = YES;
				SDKROOT = iphoneos;
				SWIFT_ACTIVE_COMPILATION_CONDITIONS = DEBUG;
				SWIFT_OPTIMIZATION_LEVEL = "-Onone";
			};
			name = Debug;
		};
		F8AD066A2562BB34007E730A /* Release */ = {
			isa = XCBuildConfiguration;
			buildSettings = {
				ALWAYS_SEARCH_USER_PATHS = NO;
				CLANG_ANALYZER_NONNULL = YES;
				CLANG_ANALYZER_NUMBER_OBJECT_CONVERSION = YES_AGGRESSIVE;
				CLANG_CXX_LANGUAGE_STANDARD = "gnu++14";
				CLANG_CXX_LIBRARY = "libc++";
				CLANG_ENABLE_MODULES = YES;
				CLANG_ENABLE_OBJC_ARC = YES;
				CLANG_ENABLE_OBJC_WEAK = YES;
				CLANG_WARN_BLOCK_CAPTURE_AUTORELEASING = YES;
				CLANG_WARN_BOOL_CONVERSION = YES;
				CLANG_WARN_COMMA = YES;
				CLANG_WARN_CONSTANT_CONVERSION = YES;
				CLANG_WARN_DEPRECATED_OBJC_IMPLEMENTATIONS = YES;
				CLANG_WARN_DIRECT_OBJC_ISA_USAGE = YES_ERROR;
				CLANG_WARN_DOCUMENTATION_COMMENTS = YES;
				CLANG_WARN_EMPTY_BODY = YES;
				CLANG_WARN_ENUM_CONVERSION = YES;
				CLANG_WARN_INFINITE_RECURSION = YES;
				CLANG_WARN_INT_CONVERSION = YES;
				CLANG_WARN_NON_LITERAL_NULL_CONVERSION = YES;
				CLANG_WARN_OBJC_IMPLICIT_RETAIN_SELF = YES;
				CLANG_WARN_OBJC_LITERAL_CONVERSION = YES;
				CLANG_WARN_OBJC_ROOT_CLASS = YES_ERROR;
				CLANG_WARN_QUOTED_INCLUDE_IN_FRAMEWORK_HEADER = YES;
				CLANG_WARN_RANGE_LOOP_ANALYSIS = YES;
				CLANG_WARN_STRICT_PROTOTYPES = YES;
				CLANG_WARN_SUSPICIOUS_MOVE = YES;
				CLANG_WARN_UNGUARDED_AVAILABILITY = YES_AGGRESSIVE;
				CLANG_WARN_UNREACHABLE_CODE = YES;
				CLANG_WARN__DUPLICATE_METHOD_MATCH = YES;
				COPY_PHASE_STRIP = NO;
				DEBUG_INFORMATION_FORMAT = "dwarf-with-dsym";
				ENABLE_NS_ASSERTIONS = NO;
				ENABLE_STRICT_OBJC_MSGSEND = YES;
				GCC_C_LANGUAGE_STANDARD = gnu11;
				GCC_NO_COMMON_BLOCKS = YES;
				GCC_WARN_64_TO_32_BIT_CONVERSION = YES;
				GCC_WARN_ABOUT_RETURN_TYPE = YES_ERROR;
				GCC_WARN_UNDECLARED_SELECTOR = YES;
				GCC_WARN_UNINITIALIZED_AUTOS = YES_AGGRESSIVE;
				GCC_WARN_UNUSED_FUNCTION = YES;
				GCC_WARN_UNUSED_VARIABLE = YES;
				IPHONEOS_DEPLOYMENT_TARGET = 14.2;
				MTL_ENABLE_DEBUG_INFO = NO;
				MTL_FAST_MATH = YES;
				SDKROOT = iphoneos;
				SWIFT_COMPILATION_MODE = wholemodule;
				SWIFT_OPTIMIZATION_LEVEL = "-O";
				VALIDATE_PRODUCT = YES;
			};
			name = Release;
		};
		F8AD066C2562BB34007E730A /* Debug */ = {
			isa = XCBuildConfiguration;
			buildSettings = {
				ASSETCATALOG_COMPILER_APPICON_NAME = AppIcon;
				ASSETCATALOG_COMPILER_GLOBAL_ACCENT_COLOR_NAME = AccentColor;
				CODE_SIGN_STYLE = Automatic;
				INFOPLIST_FILE = FoodTracker/Info.plist;
				LD_RUNPATH_SEARCH_PATHS = (
					"$(inherited)",
					"@executable_path/Frameworks",
				);
				PRODUCT_BUNDLE_IDENTIFIER = com.example.FoodTracker;
				PRODUCT_NAME = "$(TARGET_NAME)";
				SWIFT_VERSION = 5.0;
				TARGETED_DEVICE_FAMILY = "1,2";
			};
			name = Debug;
		};
		F8AD066D2562BB34007E730A /* Release */ = {
			isa = XCBuildConfiguration;
			buildSettings = {
				ASSETCATALOG_COMPILER_APPICON_NAME = AppIcon;
				ASSETCATALOG_COMPILER_GLOBAL_ACCENT_COLOR_NAME = AccentColor;
				CODE_SIGN_STYLE = Automatic;
				INFOPLIST_FILE = FoodTracker/Info.plist;
				LD_RUNPATH_SEARCH_PATHS = (
					"$(inherited)",
					"@executable_path/Frameworks",
				);
				PRODUCT_BUNDLE_IDENTIFIER = com.example.FoodTracker;
				PRODUCT_NAME = "$(TARGET_NAME)";
				SWIFT_VERSION = 5.0;
				TARGETED_DEVICE_FAMILY = "1,2";
			};
			name = Release;
		};
		F8AD066F2562BB34007E730A /* Debug */ = {
			isa = XCBuildConfiguration;
			buildSettings = {
				ALWAYS_EMBED_SWIFT_STANDARD_LIBRARIES = YES;
				BUNDLE_LOADER = "$(TEST_HOST)";
				CODE_SIGN_STYLE = Automatic;
				INFOPLIST_FILE = FoodTrackerTests/Info.plist;
				IPHONEOS_DEPLOYMENT_TARGET = 14.2;
				LD_RUNPATH_SEARCH_PATHS = (
					"$(inherited)",
					"@executable_path/Frameworks",
					"@loader_path/Frameworks",
				);
				PRODUCT_BUNDLE_IDENTIFIER = com.example.FoodTrackerTests;
				PRODUCT_NAME = "$(TARGET_NAME)";
				SWIFT_VERSION = 5.0;
				TARGETED_DEVICE_FAMILY = "1,2";
				TEST_HOST = "$(BUILT_PRODUCTS_DIR)/FoodTracker.app/FoodTracker";
			};
			name = Debug;
		};
		F8AD06702562BB34007E730A /* Release */ = {
			isa = XCBuildConfiguration;
			buildSettings = {
				ALWAYS_EMBED_SWIFT_STANDARD_LIBRARIES = YES;
				BUNDLE_LOADER = "$(TEST_HOST)";
				CODE_SIGN_STYLE = Automatic;
				INFOPLIST_FILE = FoodTrackerTests/Info.plist;
				IPHONEOS_DEPLOYMENT_TARGET = 14.2;
				LD_RUNPATH_SEARCH_PATHS = (
					"$(inherited)",
					"@executable_path/Frameworks",
					"@loader_path/Frameworks",
				);
				PRODUCT_BUNDLE_IDENTIFIER = com.example.FoodTrackerTests;
				PRODUCT_NAME = "$(TARGET_NAME)";
				SWIFT_VERSION = 5.0;
				TARGETED_DEVICE_FAMILY = "1,2";
				TEST_HOST = "$(BUILT_PRODUCTS_DIR)/FoodTracker.app/FoodTracker";
			};
			name = Release;
		};
		F8AD06722562BB34007E730A /* Debug */ = {
			isa = XCBuildConfiguration;
			buildSettings = {
				ALWAYS_EMBED_SWIFT_STANDARD_LIBRARIES = YES;
				CODE_SIGN_STYLE = Automatic;
				INFOPLIST_FILE = FoodTrackerUITests/Info.plist;
				LD_RUNPATH_SEARCH_PATHS = (
					"$(inherited)",
					"@executable_path/Frameworks",
					"@loader_path/Frameworks",
				);
				PRODUCT_BUNDLE_IDENTIFIER = com.example.FoodTrackerUITests;
				PRODUCT_NAME = "$(TARGET_NAME)";
				SWIFT_VERSION = 5.0;
				TARGETED_DEVICE_FAMILY = "1,2";
				TEST_TARGET_NAME = FoodTracker;
			};
			name = Debug;
		};
		F8AD06732562BB34007E730A /* Release */ = {
			isa = XCBuildConfiguration;
			buildSettings = {
				ALWAYS_EMBED_SWIFT_STANDARD_LIBRARIES = YES;
				CODE_SIGN_STYLE = Automatic;
				INFOPLIST_FILE = FoodTrackerUITests/Info.plist;
				LD_RUNPATH_SEARCH_PATHS = (
					"$(inherited)",
					"@executable_path/Frameworks",
					"@loader_path/Frameworks",
				);
				PRODUCT_BUNDLE_IDENTIFIER = com.example.FoodTrackerUITests;
				PRODUCT_NAME = "$(TARGET_NAME)";
				SWIFT_VERSION = 5.0;
				TARGETED_DEVICE_FAMILY = "1,2";
				TEST_TARGET_NAME = FoodTracker;
			};
			name = Release;
		};
/* End XCBuildConfiguration section */

/* Begin XCConfigurationList section */
		F8AD063C2562BB31007E730A /* Build configuration list for PBXProject "FoodTracker" */ = {
			isa = XCConfigurationList;
			buildConfigurations = (
				F8AD06692562BB34007E730A /* Debug */,
				F8AD066A2562BB34007E730A /* Release */,
			);
			defaultConfigurationIsVisible = 0;
			defaultConfigurationName = Release;
		};
		F8AD066B2562BB34007E730A /* Build configuration list for PBXNativeTarget "FoodTracker" */ = {
			isa = XCConfigurationList;
			buildConfigurations = (
				F8AD066C2562BB34007E730A /* Debug */,
				F8AD066D2562BB34007E730A /* Release */,
			);
			defaultConfigurationIsVisible = 0;
			defaultConfigurationName = Release;
		};
		F8AD066E2562BB34007E730A /* Build configuration list for PBXNativeTarget "FoodTrackerTests" */ = {
			isa = XCConfigurationList;
			buildConfigurations = (
				F8AD066F2562BB34007E730A /* Debug */,
				F8AD06702562BB34007E730A /* Release */,
			);
			defaultConfigurationIsVisible = 0;
			defaultConfigurationName = Release;
		};
		F8AD06712562BB34007E730A /* Build configuration list for PBXNativeTarget "FoodTrackerUITests" */ = {
			isa = XCConfigurationList;
			buildConfigurations = (
				F8AD06722562BB34007E730A /* Debug */,
				F8AD06732562BB34007E730A /* Release */,
			);
			defaultConfigurationIsVisible = 0;
			defaultConfigurationName = Release;
		};
/* End XCConfigurationList section */
	};
	rootObject = F8AD06392562BB31007E730A /* Project object */;
}
